// !$*UTF8*$!
{
	archiveVersion = 1;
	classes = {
	};
	objectVersion = 46;
	objects = {

/* Begin PBXBuildFile section */
		3F60EB6E1EE784F200323130 /* settings-icon.png in Resources */ = {isa = PBXBuildFile; fileRef = 3F60EB6D1EE784F200323130 /* settings-icon.png */; };
		3F60EB701EE9D96800323130 /* ViewController2.swift in Sources */ = {isa = PBXBuildFile; fileRef = 3F60EB6F1EE9D96800323130 /* ViewController2.swift */; };
		3F60EB721EE9DB5F00323130 /* ViewController3.swift in Sources */ = {isa = PBXBuildFile; fileRef = 3F60EB711EE9DB5F00323130 /* ViewController3.swift */; };
		3F60EB741EE9E1D300323130 /* color2.swift in Sources */ = {isa = PBXBuildFile; fileRef = 3F60EB731EE9E1D300323130 /* color2.swift */; };
		3F60EB761EE9E5E100323130 /* color3.swift in Sources */ = {isa = PBXBuildFile; fileRef = 3F60EB751EE9E5E100323130 /* color3.swift */; };
		3F60EB781EE9E8D100323130 /* color4.swift in Sources */ = {isa = PBXBuildFile; fileRef = 3F60EB771EE9E8D100323130 /* color4.swift */; };
		3F6B58BA1EBBB8B400B72434 /* AppDelegate.swift in Sources */ = {isa = PBXBuildFile; fileRef = 3F6B58B91EBBB8B400B72434 /* AppDelegate.swift */; };
		3F6B58BC1EBBB8B400B72434 /* ViewController.swift in Sources */ = {isa = PBXBuildFile; fileRef = 3F6B58BB1EBBB8B400B72434 /* ViewController.swift */; };
		3F6B58BF1EBBB8B400B72434 /* Main.storyboard in Resources */ = {isa = PBXBuildFile; fileRef = 3F6B58BD1EBBB8B400B72434 /* Main.storyboard */; };
		3F6B58C11EBBB8B400B72434 /* Assets.xcassets in Resources */ = {isa = PBXBuildFile; fileRef = 3F6B58C01EBBB8B400B72434 /* Assets.xcassets */; };
		3F6B58C41EBBB8B400B72434 /* LaunchScreen.storyboard in Resources */ = {isa = PBXBuildFile; fileRef = 3F6B58C21EBBB8B400B72434 /* LaunchScreen.storyboard */; };
/* End PBXBuildFile section */

/* Begin PBXFileReference section */
		3F60EB6D1EE784F200323130 /* settings-icon.png */ = {isa = PBXFileReference; lastKnownFileType = image.png; name = "settings-icon.png"; path = "../settings-icon.png"; sourceTree = "<group>"; };
		3F60EB6F1EE9D96800323130 /* ViewController2.swift */ = {isa = PBXFileReference; fileEncoding = 4; lastKnownFileType = sourcecode.swift; path = ViewController2.swift; sourceTree = "<group>"; };
		3F60EB711EE9DB5F00323130 /* ViewController3.swift */ = {isa = PBXFileReference; fileEncoding = 4; lastKnownFileType = sourcecode.swift; path = ViewController3.swift; sourceTree = "<group>"; };
		3F60EB731EE9E1D300323130 /* color2.swift */ = {isa = PBXFileReference; fileEncoding = 4; lastKnownFileType = sourcecode.swift; path = color2.swift; sourceTree = "<group>"; };
		3F60EB751EE9E5E100323130 /* color3.swift */ = {isa = PBXFileReference; fileEncoding = 4; lastKnownFileType = sourcecode.swift; path = color3.swift; sourceTree = "<group>"; };
		3F60EB771EE9E8D100323130 /* color4.swift */ = {isa = PBXFileReference; fileEncoding = 4; lastKnownFileType = sourcecode.swift; path = color4.swift; sourceTree = "<group>"; };
		3F6B58B61EBBB8B400B72434 /* j.app */ = {isa = PBXFileReference; explicitFileType = wrapper.application; includeInIndex = 0; path = j.app; sourceTree = BUILT_PRODUCTS_DIR; };
		3F6B58B91EBBB8B400B72434 /* AppDelegate.swift */ = {isa = PBXFileReference; lastKnownFileType = sourcecode.swift; path = AppDelegate.swift; sourceTree = "<group>"; };
		3F6B58BB1EBBB8B400B72434 /* ViewController.swift */ = {isa = PBXFileReference; lastKnownFileType = sourcecode.swift; path = ViewController.swift; sourceTree = "<group>"; };
		3F6B58BE1EBBB8B400B72434 /* Base */ = {isa = PBXFileReference; lastKnownFileType = file.storyboard; name = Base; path = Base.lproj/Main.storyboard; sourceTree = "<group>"; };
		3F6B58C01EBBB8B400B72434 /* Assets.xcassets */ = {isa = PBXFileReference; lastKnownFileType = folder.assetcatalog; path = Assets.xcassets; sourceTree = "<group>"; };
		3F6B58C31EBBB8B400B72434 /* Base */ = {isa = PBXFileReference; lastKnownFileType = file.storyboard; name = Base; path = Base.lproj/LaunchScreen.storyboard; sourceTree = "<group>"; };
		3F6B58C51EBBB8B400B72434 /* Info.plist */ = {isa = PBXFileReference; lastKnownFileType = text.plist.xml; path = Info.plist; sourceTree = "<group>"; };
/* End PBXFileReference section */

/* Begin PBXFrameworksBuildPhase section */
		3F6B58B31EBBB8B400B72434 /* Frameworks */ = {
			isa = PBXFrameworksBuildPhase;
			buildActionMask = 2147483647;
			files = (
			);
			runOnlyForDeploymentPostprocessing = 0;
		};
/* End PBXFrameworksBuildPhase section */

/* Begin PBXGroup section */
		3F6B58AD1EBBB8B400B72434 = {
			isa = PBXGroup;
			children = (
				3F6B58B81EBBB8B400B72434 /* j */,
				3F6B58B71EBBB8B400B72434 /* Products */,
				3F60EB6D1EE784F200323130 /* settings-icon.png */,
			);
			sourceTree = "<group>";
		};
		3F6B58B71EBBB8B400B72434 /* Products */ = {
			isa = PBXGroup;
			children = (
				3F6B58B61EBBB8B400B72434 /* j.app */,
			);
			name = Products;
			sourceTree = "<group>";
		};
		3F6B58B81EBBB8B400B72434 /* j */ = {
			isa = PBXGroup;
			children = (
				3F6B58B91EBBB8B400B72434 /* AppDelegate.swift */,
				3F6B58BB1EBBB8B400B72434 /* ViewController.swift */,
				3F6B58BD1EBBB8B400B72434 /* Main.storyboard */,
				3F60EB771EE9E8D100323130 /* color4.swift */,
				3F60EB751EE9E5E100323130 /* color3.swift */,
				3F60EB731EE9E1D300323130 /* color2.swift */,
				3F60EB711EE9DB5F00323130 /* ViewController3.swift */,
				3F60EB6F1EE9D96800323130 /* ViewController2.swift */,
				3F6B58C01EBBB8B400B72434 /* Assets.xcassets */,
				3F6B58C21EBBB8B400B72434 /* LaunchScreen.storyboard */,
				3F6B58C51EBBB8B400B72434 /* Info.plist */,
			);
			path = j;
			sourceTree = "<group>";
		};
/* End PBXGroup section */

/* Begin PBXNativeTarget section */
		3F6B58B51EBBB8B400B72434 /* j */ = {
			isa = PBXNativeTarget;
			buildConfigurationList = 3F6B58C81EBBB8B400B72434 /* Build configuration list for PBXNativeTarget "j" */;
			buildPhases = (
				3F6B58B21EBBB8B400B72434 /* Sources */,
				3F6B58B31EBBB8B400B72434 /* Frameworks */,
				3F6B58B41EBBB8B400B72434 /* Resources */,
			);
			buildRules = (
			);
			dependencies = (
			);
			name = j;
			productName = j;
			productReference = 3F6B58B61EBBB8B400B72434 /* j.app */;
			productType = "com.apple.product-type.application";
		};
/* End PBXNativeTarget section */

/* Begin PBXProject section */
		3F6B58AE1EBBB8B400B72434 /* Project object */ = {
			isa = PBXProject;
			attributes = {
				LastSwiftUpdateCheck = 0820;
				LastUpgradeCheck = 0820;
				ORGANIZATIONNAME = Student;
				TargetAttributes = {
					3F6B58B51EBBB8B400B72434 = {
						CreatedOnToolsVersion = 8.2.1;
						ProvisioningStyle = Automatic;
					};
				};
			};
			buildConfigurationList = 3F6B58B11EBBB8B400B72434 /* Build configuration list for PBXProject "j" */;
			compatibilityVersion = "Xcode 3.2";
			developmentRegion = English;
			hasScannedForEncodings = 0;
			knownRegions = (
				en,
				Base,
			);
			mainGroup = 3F6B58AD1EBBB8B400B72434;
			productRefGroup = 3F6B58B71EBBB8B400B72434 /* Products */;
			projectDirPath = "";
			projectRoot = "";
			targets = (
				3F6B58B51EBBB8B400B72434 /* j */,
			);
		};
/* End PBXProject section */

/* Begin PBXResourcesBuildPhase section */
		3F6B58B41EBBB8B400B72434 /* Resources */ = {
			isa = PBXResourcesBuildPhase;
			buildActionMask = 2147483647;
			files = (
				3F6B58C41EBBB8B400B72434 /* LaunchScreen.storyboard in Resources */,
				3F6B58C11EBBB8B400B72434 /* Assets.xcassets in Resources */,
				3F6B58BF1EBBB8B400B72434 /* Main.storyboard in Resources */,
				3F60EB6E1EE784F200323130 /* settings-icon.png in Resources */,
			);
			runOnlyForDeploymentPostprocessing = 0;
		};
/* End PBXResourcesBuildPhase section */

/* Begin PBXSourcesBuildPhase section */
		3F6B58B21EBBB8B400B72434 /* Sources */ = {
			isa = PBXSourcesBuildPhase;
			buildActionMask = 2147483647;
			files = (
				3F6B58BC1EBBB8B400B72434 /* ViewController.swift in Sources */,
				3F60EB761EE9E5E100323130 /* color3.swift in Sources */,
				3F60EB781EE9E8D100323130 /* color4.swift in Sources */,
				3F60EB741EE9E1D300323130 /* color2.swift in Sources */,
				3F6B58BA1EBBB8B400B72434 /* AppDelegate.swift in Sources */,
				3F60EB721EE9DB5F00323130 /* ViewController3.swift in Sources */,
				3F60EB701EE9D96800323130 /* ViewController2.swift in Sources */,
			);
			runOnlyForDeploymentPostprocessing = 0;
		};
/* End PBXSourcesBuildPhase section */

/* Begin PBXVariantGroup section */
		3F6B58BD1EBBB8B400B72434 /* Main.storyboard */ = {
			isa = PBXVariantGroup;
			children = (
				3F6B58BE1EBBB8B400B72434 /* Base */,
			);
			name = Main.storyboard;
			sourceTree = "<group>";
		};
		3F6B58C21EBBB8B400B72434 /* LaunchScreen.storyboard */ = {
			isa = PBXVariantGroup;
			children = (
				3F6B58C31EBBB8B400B72434 /* Base */,
			);
			name = LaunchScreen.storyboard;
			sourceTree = "<group>";
		};
/* End PBXVariantGroup section */

/* Begin XCBuildConfiguration section */
		3F6B58C61EBBB8B400B72434 /* Debug */ = {
			isa = XCBuildConfiguration;
			buildSettings = {
				ALWAYS_SEARCH_USER_PATHS = NO;
				CLANG_ANALYZER_NONNULL = YES;
				CLANG_CXX_LANGUAGE_STANDARD = "gnu++0x";
				CLANG_CXX_LIBRARY = "libc++";
				CLANG_ENABLE_MODULES = YES;
				CLANG_ENABLE_OBJC_ARC = YES;
				CLANG_WARN_BOOL_CONVERSION = YES;
				CLANG_WARN_CONSTANT_CONVERSION = YES;
				CLANG_WARN_DIRECT_OBJC_ISA_USAGE = YES_ERROR;
				CLANG_WARN_DOCUMENTATION_COMMENTS = YES;
				CLANG_WARN_EMPTY_BODY = YES;
				CLANG_WARN_ENUM_CONVERSION = YES;
				CLANG_WARN_INFINITE_RECURSION = YES;
				CLANG_WARN_INT_CONVERSION = YES;
				CLANG_WARN_OBJC_ROOT_CLASS = YES_ERROR;
				CLANG_WARN_SUSPICIOUS_MOVE = YES;
				CLANG_WARN_UNREACHABLE_CODE = YES;
				CLANG_WARN__DUPLICATE_METHOD_MATCH = YES;
				"CODE_SIGN_IDENTITY[sdk=iphoneos*]" = "iPhone Developer";
				COPY_PHASE_STRIP = NO;
				DEBUG_INFORMATION_FORMAT = dwarf;
				ENABLE_STRICT_OBJC_MSGSEND = YES;
				ENABLE_TESTABILITY = YES;
				GCC_C_LANGUAGE_STANDARD = gnu99;
				GCC_DYNAMIC_NO_PIC = NO;
				GCC_NO_COMMON_BLOCKS = YES;
				GCC_OPTIMIZATION_LEVEL = 0;
				GCC_PREPROCESSOR_DEFINITIONS = (
					"DEBUG=1",
					"$(inherited)",
				);
				GCC_WARN_64_TO_32_BIT_CONVERSION = YES;
				GCC_WARN_ABOUT_RETURN_TYPE = YES_ERROR;
				GCC_WARN_UNDECLARED_SELECTOR = YES;
				GCC_WARN_UNINITIALIZED_AUTOS = YES_AGGRESSIVE;
				GCC_WARN_UNUSED_FUNCTION = YES;
				GCC_WARN_UNUSED_VARIABLE = YES;
				IPHONEOS_DEPLOYMENT_TARGET = 10.2;
				MTL_ENABLE_DEBUG_INFO = YES;
				ONLY_ACTIVE_ARCH = YES;
				SDKROOT = iphoneos;
				SWIFT_ACTIVE_COMPILATION_CONDITIONS = DEBUG;
				SWIFT_OPTIMIZATION_LEVEL = "-Onone";
				TARGETED_DEVICE_FAMILY = "1,2";
			};
			name = Debug;
		};
		3F6B58C71EBBB8B400B72434 /* Release */ = {
			isa = XCBuildConfiguration;
			buildSettings = {
				ALWAYS_SEARCH_USER_PATHS = NO;
				CLANG_ANALYZER_NONNULL = YES;
				CLANG_CXX_LANGUAGE_STANDARD = "gnu++0x";
				CLANG_CXX_LIBRARY = "libc++";
				CLANG_ENABLE_MODULES = YES;
				CLANG_ENABLE_OBJC_ARC = YES;
				CLANG_WARN_BOOL_CONVERSION = YES;
				CLANG_WARN_CONSTANT_CONVERSION = YES;
				CLANG_WARN_DIRECT_OBJC_ISA_USAGE = YES_ERROR;
				CLANG_WARN_DOCUMENTATION_COMMENTS = YES;
				CLANG_WARN_EMPTY_BODY = YES;
				CLANG_WARN_ENUM_CONVERSION = YES;
				CLANG_WARN_INFINITE_RECURSION = YES;
				CLANG_WARN_INT_CONVERSION = YES;
				CLANG_WARN_OBJC_ROOT_CLASS = YES_ERROR;
				CLANG_WARN_SUSPICIOUS_MOVE = YES;
				CLANG_WARN_UNREACHABLE_CODE = YES;
				CLANG_WARN__DUPLICATE_METHOD_MATCH = YES;
				"CODE_SIGN_IDENTITY[sdk=iphoneos*]" = "iPhone Developer";
				COPY_PHASE_STRIP = NO;
				DEBUG_INFORMATION_FORMAT = "dwarf-with-dsym";
				ENABLE_NS_ASSERTIONS = NO;
				ENABLE_STRICT_OBJC_MSGSEND = YES;
				GCC_C_LANGUAGE_STANDARD = gnu99;
				GCC_NO_COMMON_BLOCKS = YES;
				GCC_WARN_64_TO_32_BIT_CONVERSION = YES;
				GCC_WARN_ABOUT_RETURN_TYPE = YES_ERROR;
				GCC_WARN_UNDECLARED_SELECTOR = YES;
				GCC_WARN_UNINITIALIZED_AUTOS = YES_AGGRESSIVE;
				GCC_WARN_UNUSED_FUNCTION = YES;
				GCC_WARN_UNUSED_VARIABLE = YES;
				IPHONEOS_DEPLOYMENT_TARGET = 10.2;
				MTL_ENABLE_DEBUG_INFO = NO;
				SDKROOT = iphoneos;
				SWIFT_OPTIMIZATION_LEVEL = "-Owholemodule";
				TARGETED_DEVICE_FAMILY = "1,2";
				VALIDATE_PRODUCT = YES;
			};
			name = Release;
		};
		3F6B58C91EBBB8B400B72434 /* Debug */ = {
			isa = XCBuildConfiguration;
			buildSettings = {
				ASSETCATALOG_COMPILER_APPICON_NAME = AppIcon;
				INFOPLIST_FILE = j/Info.plist;
				LD_RUNPATH_SEARCH_PATHS = "$(inherited) @executable_path/Frameworks";
				PRODUCT_BUNDLE_IDENTIFIER = Pride.j;
				PRODUCT_NAME = "$(TARGET_NAME)";
				SWIFT_VERSION = 3.0;
			};
			name = Debug;
		};
		3F6B58CA1EBBB8B400B72434 /* Release */ = {
			isa = XCBuildConfiguration;
			buildSettings = {
				ASSETCATALOG_COMPILER_APPICON_NAME = AppIcon;
				INFOPLIST_FILE = j/Info.plist;
				LD_RUNPATH_SEARCH_PATHS = "$(inherited) @executable_path/Frameworks";
				PRODUCT_BUNDLE_IDENTIFIER = Pride.j;
				PRODUCT_NAME = "$(TARGET_NAME)";
				SWIFT_VERSION = 3.0;
			};
			name = Release;
		};
/* End XCBuildConfiguration section */

/* Begin XCConfigurationList section */
		3F6B58B11EBBB8B400B72434 /* Build configuration list for PBXProject "j" */ = {
			isa = XCConfigurationList;
			buildConfigurations = (
				3F6B58C61EBBB8B400B72434 /* Debug */,
				3F6B58C71EBBB8B400B72434 /* Release */,
			);
			defaultConfigurationIsVisible = 0;
			defaultConfigurationName = Release;
		};
		3F6B58C81EBBB8B400B72434 /* Build configuration list for PBXNativeTarget "j" */ = {
			isa = XCConfigurationList;
			buildConfigurations = (
				3F6B58C91EBBB8B400B72434 /* Debug */,
				3F6B58CA1EBBB8B400B72434 /* Release */,
			);
			defaultConfigurationIsVisible = 0;
			defaultConfigurationName = Release;
		};
/* End XCConfigurationList section */
	};
	rootObject = 3F6B58AE1EBBB8B400B72434 /* Project object */;
}
